
Microsoft Visual Studio Solution File, Format Version 12.00
# Visual Studio Version 17
VisualStudioVersion = 17.8.34511.84
MinimumVisualStudioVersion = 10.0.40219.1
Project("{9A19103F-16F7-4668-BE54-9A1E7A4F7556}") = "Lekce_01", "Lekce_01\Lekce_01.csproj", "{0F5B19C1-7EE6-4404-BD31-7AEC1D5049E3}"
EndProject
Project("{9A19103F-16F7-4668-BE54-9A1E7A4F7556}") = "Lekce_02_DateTime", "Lekce_02_DateTime\Lekce_02_DateTime.csproj", "{F78CED6C-EDAA-487B-8CF4-F854441FE6E4}"
EndProject
Project("{9A19103F-16F7-4668-BE54-9A1E7A4F7556}") = "Lekce_02_Exception", "Lekce_02_Exception\Lekce_02_Exception.csproj", "{863633DC-B38A-44C8-9ABF-4471B97DEA85}"
EndProject
Project("{9A19103F-16F7-4668-BE54-9A1E7A4F7556}") = "Lekce_02_BR02", "Lekce_02_BR02\Lekce_02_BR02.csproj", "{AFB1691D-B8F2-42D5-82D1-7D025F04A12D}"
EndProject
Project("{2150E333-8FDC-42A3-9474-1A3956D46DE8}") = "Lekce01", "Lekce01", "{B171F1F3-CE58-4583-8932-6EAB0CFC371F}"
EndProject
Project("{2150E333-8FDC-42A3-9474-1A3956D46DE8}") = "Lekce02", "Lekce02", "{5B0100AF-739A-4E9D-8917-D449C54BC41B}"
EndProject
Project("{9A19103F-16F7-4668-BE54-9A1E7A4F7556}") = "Lekce_02_BR01", "Lekce_02_BR01\Lekce_02_BR01.csproj", "{6AD87CB2-AAE7-4657-9F47-F6E2C91A55DF}"
EndProject
Project("{2150E333-8FDC-42A3-9474-1A3956D46DE8}") = "Lekce02_ukol", "Lekce02_ukol", "{6035D116-E565-4C2D-949A-C9BD5D3AEAA5}"
EndProject
Project("{9A19103F-16F7-4668-BE54-9A1E7A4F7556}") = "Lekce_02_Ukol01", "Lekce_02_Ukol01\Lekce_02_Ukol01.csproj", "{22FC02AF-C1B4-4D3B-8DB7-73CF0BCA8C9D}"
EndProject
Project("{9A19103F-16F7-4668-BE54-9A1E7A4F7556}") = "Lekce_02_Ukol02", "Lekce_02_Ukol02\Lekce_02_Ukol02.csproj", "{2C960717-3874-45D1-9524-BA7DE1C13BA5}"
EndProject
Project("{9A19103F-16F7-4668-BE54-9A1E7A4F7556}") = "Lekce_02_Ukol03", "Lekce_02_Ukol03\Lekce_02_Ukol03.csproj", "{17610544-A618-42DA-BEA6-FE9FED2C7029}"
EndProject
Project("{9A19103F-16F7-4668-BE54-9A1E7A4F7556}") = "Lekce_02_Ukol04", "Lekce_02_Ukol04\Lekce_02_Ukol04.csproj", "{6E0E8AE4-7561-446B-8E6D-40CB4AF8F23A}"
EndProject
Project("{9A19103F-16F7-4668-BE54-9A1E7A4F7556}") = "Lekce_03_Text", "Lekce_03_Text\Lekce_03_Text.csproj", "{A7F69142-77E9-488D-8A19-961211F1D1FE}"
EndProject
Project("{2150E333-8FDC-42A3-9474-1A3956D46DE8}") = "Lekce03", "Lekce03", "{E3F90D40-9D0E-4DD5-9BEF-AF4E82A81E81}"
EndProject
Project("{9A19103F-16F7-4668-BE54-9A1E7A4F7556}") = "Lekce_03_BR01", "Lekce_03_BR01\Lekce_03_BR01.csproj", "{BDABEA52-6DC9-45EF-9ECB-144E0BD6A76C}"
EndProject
Project("{9A19103F-16F7-4668-BE54-9A1E7A4F7556}") = "Lekce_03_Ukol", "Lekce_03_Ukol\Lekce_03_Ukol.csproj", "{33E91DD2-1446-4848-AB7D-AFDA4B784F3D}"
EndProject
Project("{2150E333-8FDC-42A3-9474-1A3956D46DE8}") = "Lekce04", "Lekce04", "{A988D3D6-16D9-49F2-9BBB-71BEA18040CF}"
EndProject
Project("{9A19103F-16F7-4668-BE54-9A1E7A4F7556}") = "Lekce_04_Kolekce", "Lekce_04_Kolekce\Lekce_04_Kolekce.csproj", "{7862B7B9-C909-4C7E-B763-8E7DFC1BD479}"
EndProject
Project("{9A19103F-16F7-4668-BE54-9A1E7A4F7556}") = "Lekce_04_BR01", "Lekce_04_BR01\Lekce_04_BR01.csproj", "{2E81B2A0-B872-4420-AE28-BA4E6ED825BF}"
EndProject
Project("{9A19103F-16F7-4668-BE54-9A1E7A4F7556}") = "Lekce_04_Slovniky", "Lekce_04_Slovniky\Lekce_04_Slovniky.csproj", "{149F7BEB-753F-47CA-A14D-24949C8CE4D8}"
EndProject
Project("{9A19103F-16F7-4668-BE54-9A1E7A4F7556}") = "Lekce_04_BR02", "Lekce_04_BR02\Lekce_04_BR02.csproj", "{C4D804D9-00EF-4622-8E1F-6A56FD7DB2D0}"
EndProject
Project("{FAE04EC0-301F-11D3-BF4B-00C04F79EFBC}") = "Lekce_04_Ukol", "Lekce_04_Ukol\Lekce_04_Ukol.csproj", "{FBD3D03F-9385-4291-8BFB-31EB408AFD0F}"
EndProject
Project("{FAE04EC0-301F-11D3-BF4B-00C04F79EFBC}") = "Lekce_05", "Lekce_05\Lekce_05.csproj", "{C2F28359-A04D-49C5-B007-29C7C9806C15}"
EndProject
Project("{2150E333-8FDC-42A3-9474-1A3956D46DE8}") = "Lekce05", "Lekce05", "{4F922A99-41E1-4963-80FC-9353A61640DE}"
EndProject
Project("{FAE04EC0-301F-11D3-BF4B-00C04F79EFBC}") = "Lekce_05_BR01", "Lekce_05_BR01\Lekce_05_BR01.csproj", "{89A2426A-C645-42B4-9BE2-7E7F9EA77617}"
EndProject
Global
	GlobalSection(SolutionConfigurationPlatforms) = preSolution
		Debug|Any CPU = Debug|Any CPU
		Release|Any CPU = Release|Any CPU
	EndGlobalSection
	GlobalSection(ProjectConfigurationPlatforms) = postSolution
		{0F5B19C1-7EE6-4404-BD31-7AEC1D5049E3}.Debug|Any CPU.ActiveCfg = Debug|Any CPU
		{0F5B19C1-7EE6-4404-BD31-7AEC1D5049E3}.Debug|Any CPU.Build.0 = Debug|Any CPU
		{0F5B19C1-7EE6-4404-BD31-7AEC1D5049E3}.Release|Any CPU.ActiveCfg = Release|Any CPU
		{0F5B19C1-7EE6-4404-BD31-7AEC1D5049E3}.Release|Any CPU.Build.0 = Release|Any CPU
		{F78CED6C-EDAA-487B-8CF4-F854441FE6E4}.Debug|Any CPU.ActiveCfg = Debug|Any CPU
		{F78CED6C-EDAA-487B-8CF4-F854441FE6E4}.Debug|Any CPU.Build.0 = Debug|Any CPU
		{F78CED6C-EDAA-487B-8CF4-F854441FE6E4}.Release|Any CPU.ActiveCfg = Release|Any CPU
		{F78CED6C-EDAA-487B-8CF4-F854441FE6E4}.Release|Any CPU.Build.0 = Release|Any CPU
		{863633DC-B38A-44C8-9ABF-4471B97DEA85}.Debug|Any CPU.ActiveCfg = Debug|Any CPU
		{863633DC-B38A-44C8-9ABF-4471B97DEA85}.Debug|Any CPU.Build.0 = Debug|Any CPU
		{863633DC-B38A-44C8-9ABF-4471B97DEA85}.Release|Any CPU.ActiveCfg = Release|Any CPU
		{863633DC-B38A-44C8-9ABF-4471B97DEA85}.Release|Any CPU.Build.0 = Release|Any CPU
		{AFB1691D-B8F2-42D5-82D1-7D025F04A12D}.Debug|Any CPU.ActiveCfg = Debug|Any CPU
		{AFB1691D-B8F2-42D5-82D1-7D025F04A12D}.Debug|Any CPU.Build.0 = Debug|Any CPU
		{AFB1691D-B8F2-42D5-82D1-7D025F04A12D}.Release|Any CPU.ActiveCfg = Release|Any CPU
		{AFB1691D-B8F2-42D5-82D1-7D025F04A12D}.Release|Any CPU.Build.0 = Release|Any CPU
		{6AD87CB2-AAE7-4657-9F47-F6E2C91A55DF}.Debug|Any CPU.ActiveCfg = Debug|Any CPU
		{6AD87CB2-AAE7-4657-9F47-F6E2C91A55DF}.Debug|Any CPU.Build.0 = Debug|Any CPU
		{6AD87CB2-AAE7-4657-9F47-F6E2C91A55DF}.Release|Any CPU.ActiveCfg = Release|Any CPU
		{6AD87CB2-AAE7-4657-9F47-F6E2C91A55DF}.Release|Any CPU.Build.0 = Release|Any CPU
		{22FC02AF-C1B4-4D3B-8DB7-73CF0BCA8C9D}.Debug|Any CPU.ActiveCfg = Debug|Any CPU
		{22FC02AF-C1B4-4D3B-8DB7-73CF0BCA8C9D}.Debug|Any CPU.Build.0 = Debug|Any CPU
		{22FC02AF-C1B4-4D3B-8DB7-73CF0BCA8C9D}.Release|Any CPU.ActiveCfg = Release|Any CPU
		{22FC02AF-C1B4-4D3B-8DB7-73CF0BCA8C9D}.Release|Any CPU.Build.0 = Release|Any CPU
		{2C960717-3874-45D1-9524-BA7DE1C13BA5}.Debug|Any CPU.ActiveCfg = Debug|Any CPU
		{2C960717-3874-45D1-9524-BA7DE1C13BA5}.Debug|Any CPU.Build.0 = Debug|Any CPU
		{2C960717-3874-45D1-9524-BA7DE1C13BA5}.Release|Any CPU.ActiveCfg = Release|Any CPU
		{2C960717-3874-45D1-9524-BA7DE1C13BA5}.Release|Any CPU.Build.0 = Release|Any CPU
		{17610544-A618-42DA-BEA6-FE9FED2C7029}.Debug|Any CPU.ActiveCfg = Debug|Any CPU
		{17610544-A618-42DA-BEA6-FE9FED2C7029}.Debug|Any CPU.Build.0 = Debug|Any CPU
		{17610544-A618-42DA-BEA6-FE9FED2C7029}.Release|Any CPU.ActiveCfg = Release|Any CPU
		{17610544-A618-42DA-BEA6-FE9FED2C7029}.Release|Any CPU.Build.0 = Release|Any CPU
		{6E0E8AE4-7561-446B-8E6D-40CB4AF8F23A}.Debug|Any CPU.ActiveCfg = Debug|Any CPU
		{6E0E8AE4-7561-446B-8E6D-40CB4AF8F23A}.Debug|Any CPU.Build.0 = Debug|Any CPU
		{6E0E8AE4-7561-446B-8E6D-40CB4AF8F23A}.Release|Any CPU.ActiveCfg = Release|Any CPU
		{6E0E8AE4-7561-446B-8E6D-40CB4AF8F23A}.Release|Any CPU.Build.0 = Release|Any CPU
		{A7F69142-77E9-488D-8A19-961211F1D1FE}.Debug|Any CPU.ActiveCfg = Debug|Any CPU
		{A7F69142-77E9-488D-8A19-961211F1D1FE}.Debug|Any CPU.Build.0 = Debug|Any CPU
		{A7F69142-77E9-488D-8A19-961211F1D1FE}.Release|Any CPU.ActiveCfg = Release|Any CPU
		{A7F69142-77E9-488D-8A19-961211F1D1FE}.Release|Any CPU.Build.0 = Release|Any CPU
		{BDABEA52-6DC9-45EF-9ECB-144E0BD6A76C}.Debug|Any CPU.ActiveCfg = Debug|Any CPU
		{BDABEA52-6DC9-45EF-9ECB-144E0BD6A76C}.Debug|Any CPU.Build.0 = Debug|Any CPU
		{BDABEA52-6DC9-45EF-9ECB-144E0BD6A76C}.Release|Any CPU.ActiveCfg = Release|Any CPU
		{BDABEA52-6DC9-45EF-9ECB-144E0BD6A76C}.Release|Any CPU.Build.0 = Release|Any CPU
		{33E91DD2-1446-4848-AB7D-AFDA4B784F3D}.Debug|Any CPU.ActiveCfg = Debug|Any CPU
		{33E91DD2-1446-4848-AB7D-AFDA4B784F3D}.Debug|Any CPU.Build.0 = Debug|Any CPU
		{33E91DD2-1446-4848-AB7D-AFDA4B784F3D}.Release|Any CPU.ActiveCfg = Release|Any CPU
		{33E91DD2-1446-4848-AB7D-AFDA4B784F3D}.Release|Any CPU.Build.0 = Release|Any CPU
		{7862B7B9-C909-4C7E-B763-8E7DFC1BD479}.Debug|Any CPU.ActiveCfg = Debug|Any CPU
		{7862B7B9-C909-4C7E-B763-8E7DFC1BD479}.Debug|Any CPU.Build.0 = Debug|Any CPU
		{7862B7B9-C909-4C7E-B763-8E7DFC1BD479}.Release|Any CPU.ActiveCfg = Release|Any CPU
		{7862B7B9-C909-4C7E-B763-8E7DFC1BD479}.Release|Any CPU.Build.0 = Release|Any CPU
		{2E81B2A0-B872-4420-AE28-BA4E6ED825BF}.Debug|Any CPU.ActiveCfg = Debug|Any CPU
		{2E81B2A0-B872-4420-AE28-BA4E6ED825BF}.Debug|Any CPU.Build.0 = Debug|Any CPU
		{2E81B2A0-B872-4420-AE28-BA4E6ED825BF}.Release|Any CPU.ActiveCfg = Release|Any CPU
		{2E81B2A0-B872-4420-AE28-BA4E6ED825BF}.Release|Any CPU.Build.0 = Release|Any CPU
		{149F7BEB-753F-47CA-A14D-24949C8CE4D8}.Debug|Any CPU.ActiveCfg = Debug|Any CPU
		{149F7BEB-753F-47CA-A14D-24949C8CE4D8}.Debug|Any CPU.Build.0 = Debug|Any CPU
		{149F7BEB-753F-47CA-A14D-24949C8CE4D8}.Release|Any CPU.ActiveCfg = Release|Any CPU
		{149F7BEB-753F-47CA-A14D-24949C8CE4D8}.Release|Any CPU.Build.0 = Release|Any CPU
		{C4D804D9-00EF-4622-8E1F-6A56FD7DB2D0}.Debug|Any CPU.ActiveCfg = Debug|Any CPU
		{C4D804D9-00EF-4622-8E1F-6A56FD7DB2D0}.Debug|Any CPU.Build.0 = Debug|Any CPU
		{C4D804D9-00EF-4622-8E1F-6A56FD7DB2D0}.Release|Any CPU.ActiveCfg = Release|Any CPU
		{C4D804D9-00EF-4622-8E1F-6A56FD7DB2D0}.Release|Any CPU.Build.0 = Release|Any CPU
		{FBD3D03F-9385-4291-8BFB-31EB408AFD0F}.Debug|Any CPU.ActiveCfg = Debug|Any CPU
		{FBD3D03F-9385-4291-8BFB-31EB408AFD0F}.Debug|Any CPU.Build.0 = Debug|Any CPU
		{FBD3D03F-9385-4291-8BFB-31EB408AFD0F}.Release|Any CPU.ActiveCfg = Release|Any CPU
		{FBD3D03F-9385-4291-8BFB-31EB408AFD0F}.Release|Any CPU.Build.0 = Release|Any CPU
		{C2F28359-A04D-49C5-B007-29C7C9806C15}.Debug|Any CPU.ActiveCfg = Debug|Any CPU
		{C2F28359-A04D-49C5-B007-29C7C9806C15}.Debug|Any CPU.Build.0 = Debug|Any CPU
		{C2F28359-A04D-49C5-B007-29C7C9806C15}.Release|Any CPU.ActiveCfg = Release|Any CPU
		{C2F28359-A04D-49C5-B007-29C7C9806C15}.Release|Any CPU.Build.0 = Release|Any CPU
		{89A2426A-C645-42B4-9BE2-7E7F9EA77617}.Debug|Any CPU.ActiveCfg = Debug|Any CPU
		{89A2426A-C645-42B4-9BE2-7E7F9EA77617}.Debug|Any CPU.Build.0 = Debug|Any CPU
		{89A2426A-C645-42B4-9BE2-7E7F9EA77617}.Release|Any CPU.ActiveCfg = Release|Any CPU
		{89A2426A-C645-42B4-9BE2-7E7F9EA77617}.Release|Any CPU.Build.0 = Release|Any CPU
	EndGlobalSection
	GlobalSection(SolutionProperties) = preSolution
		HideSolutionNode = FALSE
	EndGlobalSection
	GlobalSection(NestedProjects) = preSolution
		{0F5B19C1-7EE6-4404-BD31-7AEC1D5049E3} = {B171F1F3-CE58-4583-8932-6EAB0CFC371F}
		{F78CED6C-EDAA-487B-8CF4-F854441FE6E4} = {5B0100AF-739A-4E9D-8917-D449C54BC41B}
		{863633DC-B38A-44C8-9ABF-4471B97DEA85} = {5B0100AF-739A-4E9D-8917-D449C54BC41B}
		{AFB1691D-B8F2-42D5-82D1-7D025F04A12D} = {5B0100AF-739A-4E9D-8917-D449C54BC41B}
		{6AD87CB2-AAE7-4657-9F47-F6E2C91A55DF} = {5B0100AF-739A-4E9D-8917-D449C54BC41B}
		{22FC02AF-C1B4-4D3B-8DB7-73CF0BCA8C9D} = {6035D116-E565-4C2D-949A-C9BD5D3AEAA5}
		{2C960717-3874-45D1-9524-BA7DE1C13BA5} = {6035D116-E565-4C2D-949A-C9BD5D3AEAA5}
		{17610544-A618-42DA-BEA6-FE9FED2C7029} = {6035D116-E565-4C2D-949A-C9BD5D3AEAA5}
		{6E0E8AE4-7561-446B-8E6D-40CB4AF8F23A} = {6035D116-E565-4C2D-949A-C9BD5D3AEAA5}
		{A7F69142-77E9-488D-8A19-961211F1D1FE} = {E3F90D40-9D0E-4DD5-9BEF-AF4E82A81E81}
		{BDABEA52-6DC9-45EF-9ECB-144E0BD6A76C} = {E3F90D40-9D0E-4DD5-9BEF-AF4E82A81E81}
		{33E91DD2-1446-4848-AB7D-AFDA4B784F3D} = {E3F90D40-9D0E-4DD5-9BEF-AF4E82A81E81}
		{7862B7B9-C909-4C7E-B763-8E7DFC1BD479} = {A988D3D6-16D9-49F2-9BBB-71BEA18040CF}
		{2E81B2A0-B872-4420-AE28-BA4E6ED825BF} = {A988D3D6-16D9-49F2-9BBB-71BEA18040CF}
		{149F7BEB-753F-47CA-A14D-24949C8CE4D8} = {A988D3D6-16D9-49F2-9BBB-71BEA18040CF}
		{C4D804D9-00EF-4622-8E1F-6A56FD7DB2D0} = {A988D3D6-16D9-49F2-9BBB-71BEA18040CF}
		{FBD3D03F-9385-4291-8BFB-31EB408AFD0F} = {A988D3D6-16D9-49F2-9BBB-71BEA18040CF}
		{C2F28359-A04D-49C5-B007-29C7C9806C15} = {4F922A99-41E1-4963-80FC-9353A61640DE}
		{89A2426A-C645-42B4-9BE2-7E7F9EA77617} = {4F922A99-41E1-4963-80FC-9353A61640DE}
	EndGlobalSection
	GlobalSection(ExtensibilityGlobals) = postSolution
		SolutionGuid = {70DF6B87-C021-4DCC-868C-5DAE78546425}
	EndGlobalSection
EndGlobal
