
Microsoft Visual Studio Solution File, Format Version 12.00
# Visual Studio Version 17
VisualStudioVersion = 17.8.34511.84
MinimumVisualStudioVersion = 10.0.40219.1
Project("{9A19103F-16F7-4668-BE54-9A1E7A4F7556}") = "Lekce_01", "Lekce_01\Lekce_01.csproj", "{0F5B19C1-7EE6-4404-BD31-7AEC1D5049E3}"
EndProject
Project("{9A19103F-16F7-4668-BE54-9A1E7A4F7556}") = "Lekce_02_DateTime", "Lekce_02_DateTime\Lekce_02_DateTime.csproj", "{F78CED6C-EDAA-487B-8CF4-F854441FE6E4}"
EndProject
Project("{9A19103F-16F7-4668-BE54-9A1E7A4F7556}") = "Lekce_02_Exception", "Lekce_02_Exception\Lekce_02_Exception.csproj", "{863633DC-B38A-44C8-9ABF-4471B97DEA85}"
EndProject
Project("{9A19103F-16F7-4668-BE54-9A1E7A4F7556}") = "Lekce_02_BR02", "Lekce_02_BR02\Lekce_02_BR02.csproj", "{AFB1691D-B8F2-42D5-82D1-7D025F04A12D}"
EndProject
Project("{2150E333-8FDC-42A3-9474-1A3956D46DE8}") = "Lekce01", "Lekce01", "{B171F1F3-CE58-4583-8932-6EAB0CFC371F}"
EndProject
Project("{2150E333-8FDC-42A3-9474-1A3956D46DE8}") = "Lekce02", "Lekce02", "{5B0100AF-739A-4E9D-8917-D449C54BC41B}"
EndProject
Project("{FAE04EC0-301F-11D3-BF4B-00C04F79EFBC}") = "Lekce_02_BR01", "Lekce_02_BR01\Lekce_02_BR01.csproj", "{6AD87CB2-AAE7-4657-9F47-F6E2C91A55DF}"
EndProject
Project("{2150E333-8FDC-42A3-9474-1A3956D46DE8}") = "Lekce02_ukol", "Lekce02_ukol", "{6035D116-E565-4C2D-949A-C9BD5D3AEAA5}"
EndProject
Global
	GlobalSection(SolutionConfigurationPlatforms) = preSolution
		Debug|Any CPU = Debug|Any CPU
		Release|Any CPU = Release|Any CPU
	EndGlobalSection
	GlobalSection(ProjectConfigurationPlatforms) = postSolution
		{0F5B19C1-7EE6-4404-BD31-7AEC1D5049E3}.Debug|Any CPU.ActiveCfg = Debug|Any CPU
		{0F5B19C1-7EE6-4404-BD31-7AEC1D5049E3}.Debug|Any CPU.Build.0 = Debug|Any CPU
		{0F5B19C1-7EE6-4404-BD31-7AEC1D5049E3}.Release|Any CPU.ActiveCfg = Release|Any CPU
		{0F5B19C1-7EE6-4404-BD31-7AEC1D5049E3}.Release|Any CPU.Build.0 = Release|Any CPU
		{F78CED6C-EDAA-487B-8CF4-F854441FE6E4}.Debug|Any CPU.ActiveCfg = Debug|Any CPU
		{F78CED6C-EDAA-487B-8CF4-F854441FE6E4}.Debug|Any CPU.Build.0 = Debug|Any CPU
		{F78CED6C-EDAA-487B-8CF4-F854441FE6E4}.Release|Any CPU.ActiveCfg = Release|Any CPU
		{F78CED6C-EDAA-487B-8CF4-F854441FE6E4}.Release|Any CPU.Build.0 = Release|Any CPU
		{863633DC-B38A-44C8-9ABF-4471B97DEA85}.Debug|Any CPU.ActiveCfg = Debug|Any CPU
		{863633DC-B38A-44C8-9ABF-4471B97DEA85}.Debug|Any CPU.Build.0 = Debug|Any CPU
		{863633DC-B38A-44C8-9ABF-4471B97DEA85}.Release|Any CPU.ActiveCfg = Release|Any CPU
		{863633DC-B38A-44C8-9ABF-4471B97DEA85}.Release|Any CPU.Build.0 = Release|Any CPU
		{AFB1691D-B8F2-42D5-82D1-7D025F04A12D}.Debug|Any CPU.ActiveCfg = Debug|Any CPU
		{AFB1691D-B8F2-42D5-82D1-7D025F04A12D}.Debug|Any CPU.Build.0 = Debug|Any CPU
		{AFB1691D-B8F2-42D5-82D1-7D025F04A12D}.Release|Any CPU.ActiveCfg = Release|Any CPU
		{AFB1691D-B8F2-42D5-82D1-7D025F04A12D}.Release|Any CPU.Build.0 = Release|Any CPU
		{6AD87CB2-AAE7-4657-9F47-F6E2C91A55DF}.Debug|Any CPU.ActiveCfg = Debug|Any CPU
		{6AD87CB2-AAE7-4657-9F47-F6E2C91A55DF}.Debug|Any CPU.Build.0 = Debug|Any CPU
		{6AD87CB2-AAE7-4657-9F47-F6E2C91A55DF}.Release|Any CPU.ActiveCfg = Release|Any CPU
		{6AD87CB2-AAE7-4657-9F47-F6E2C91A55DF}.Release|Any CPU.Build.0 = Release|Any CPU
	EndGlobalSection
	GlobalSection(SolutionProperties) = preSolution
		HideSolutionNode = FALSE
	EndGlobalSection
	GlobalSection(NestedProjects) = preSolution
		{0F5B19C1-7EE6-4404-BD31-7AEC1D5049E3} = {B171F1F3-CE58-4583-8932-6EAB0CFC371F}
		{F78CED6C-EDAA-487B-8CF4-F854441FE6E4} = {5B0100AF-739A-4E9D-8917-D449C54BC41B}
		{863633DC-B38A-44C8-9ABF-4471B97DEA85} = {5B0100AF-739A-4E9D-8917-D449C54BC41B}
		{AFB1691D-B8F2-42D5-82D1-7D025F04A12D} = {5B0100AF-739A-4E9D-8917-D449C54BC41B}
		{6AD87CB2-AAE7-4657-9F47-F6E2C91A55DF} = {5B0100AF-739A-4E9D-8917-D449C54BC41B}
	EndGlobalSection
	GlobalSection(ExtensibilityGlobals) = postSolution
		SolutionGuid = {70DF6B87-C021-4DCC-868C-5DAE78546425}
	EndGlobalSection
EndGlobal
